// !$*UTF8*$!
{
	archiveVersion = 1;
	classes = {
	};
	objectVersion = 55;
	objects = {

/* Begin PBXBuildFile section */
		8F16B84528D5EDB700D3F15C /* TabBarView.swift in Sources */ = {isa = PBXBuildFile; fileRef = 8F16B84428D5EDB700D3F15C /* TabBarView.swift */; };
		8F16B84828D5F24A00D3F15C /* ViewRouter.swift in Sources */ = {isa = PBXBuildFile; fileRef = 8F16B84728D5F24A00D3F15C /* ViewRouter.swift */; };
		8F2433D228D0E5DD00DDD3AA /* SearchScreenView.swift in Sources */ = {isa = PBXBuildFile; fileRef = 8F2433D128D0E5DD00DDD3AA /* SearchScreenView.swift */; };
		8F2A4B2F287AE21B00DE14B8 /* TextFieldForRegistration.swift in Sources */ = {isa = PBXBuildFile; fileRef = 8F2A4B2E287AE21B00DE14B8 /* TextFieldForRegistration.swift */; };
		8F2A4B32287AE5EB00DE14B8 /* ColorExtensions.swift in Sources */ = {isa = PBXBuildFile; fileRef = 8F2A4B31287AE5EB00DE14B8 /* ColorExtensions.swift */; };
		8F2A4B34287AEBD600DE14B8 /* LineGradientExtensions.swift in Sources */ = {isa = PBXBuildFile; fileRef = 8F2A4B33287AEBD600DE14B8 /* LineGradientExtensions.swift */; };
		8F2A4B37287AF21E00DE14B8 /* WarningTextModifier.swift in Sources */ = {isa = PBXBuildFile; fileRef = 8F2A4B36287AF21E00DE14B8 /* WarningTextModifier.swift */; };
		8F2A4B39287AF24C00DE14B8 /* TextExtensions.swift in Sources */ = {isa = PBXBuildFile; fileRef = 8F2A4B38287AF24C00DE14B8 /* TextExtensions.swift */; };
		8F41C1FE28D0DA04005CC204 /* DefaultDatas.swift in Sources */ = {isa = PBXBuildFile; fileRef = 8F41C1FD28D0DA04005CC204 /* DefaultDatas.swift */; };
		8F50F8F128B057DA003BF8E2 /* SmallAdsView.swift in Sources */ = {isa = PBXBuildFile; fileRef = 8F50F8F028B057DA003BF8E2 /* SmallAdsView.swift */; };
		8F64383028A58B2E00B858AD /* RegistrationViewModel.swift in Sources */ = {isa = PBXBuildFile; fileRef = 8F64382F28A58B2E00B858AD /* RegistrationViewModel.swift */; };
		8F64383228A6D98100B858AD /* DateExtensions.swift in Sources */ = {isa = PBXBuildFile; fileRef = 8F64383128A6D98100B858AD /* DateExtensions.swift */; };
		8F64383428A6D9A600B858AD /* DateFormatterExtemsions.swift in Sources */ = {isa = PBXBuildFile; fileRef = 8F64383328A6D9A600B858AD /* DateFormatterExtemsions.swift */; };
		8F66D2BA286E27140038EAF7 /* BMApp.swift in Sources */ = {isa = PBXBuildFile; fileRef = 8F66D2B9286E27140038EAF7 /* BMApp.swift */; };
		8F66D2BC286E27140038EAF7 /* ContentView.swift in Sources */ = {isa = PBXBuildFile; fileRef = 8F66D2BB286E27140038EAF7 /* ContentView.swift */; };
		8F66D2BE286E27160038EAF7 /* Assets.xcassets in Resources */ = {isa = PBXBuildFile; fileRef = 8F66D2BD286E27160038EAF7 /* Assets.xcassets */; };
		8F66D2C1286E27160038EAF7 /* Preview Assets.xcassets in Resources */ = {isa = PBXBuildFile; fileRef = 8F66D2C0286E27160038EAF7 /* Preview Assets.xcassets */; };
		8F66D2C3286E27160038EAF7 /* Persistence.swift in Sources */ = {isa = PBXBuildFile; fileRef = 8F66D2C2286E27160038EAF7 /* Persistence.swift */; };
		8F66D2C6286E27160038EAF7 /* BM.xcdatamodeld in Sources */ = {isa = PBXBuildFile; fileRef = 8F66D2C4286E27160038EAF7 /* BM.xcdatamodeld */; };
		8F66D2D0286E27170038EAF7 /* BMTests.swift in Sources */ = {isa = PBXBuildFile; fileRef = 8F66D2CF286E27170038EAF7 /* BMTests.swift */; };
		8F66D2DA286E27170038EAF7 /* BMUITests.swift in Sources */ = {isa = PBXBuildFile; fileRef = 8F66D2D9286E27170038EAF7 /* BMUITests.swift */; };
		8F66D2DC286E27170038EAF7 /* BMUITestsLaunchTests.swift in Sources */ = {isa = PBXBuildFile; fileRef = 8F66D2DB286E27170038EAF7 /* BMUITestsLaunchTests.swift */; };
		8F66D2EA286E28320038EAF7 /* RegistrationView.swift in Sources */ = {isa = PBXBuildFile; fileRef = 8F66D2E9286E28320038EAF7 /* RegistrationView.swift */; };
		8F66D2EC286E2AB20038EAF7 /* LoadView.swift in Sources */ = {isa = PBXBuildFile; fileRef = 8F66D2EB286E2AB20038EAF7 /* LoadView.swift */; };
		8F88E236289DCEFA00501159 /* Endpoint.swift in Sources */ = {isa = PBXBuildFile; fileRef = 8F88E235289DCEFA00501159 /* Endpoint.swift */; };
		8F88E238289DDA3500501159 /* HTTPClient.swift in Sources */ = {isa = PBXBuildFile; fileRef = 8F88E237289DDA3500501159 /* HTTPClient.swift */; };
		8F88E23D28A3F7B600501159 /* UsersEnpoint.swift in Sources */ = {isa = PBXBuildFile; fileRef = 8F88E23C28A3F7B600501159 /* UsersEnpoint.swift */; };
		8F88E23F28A3FA5000501159 /* UsersService.swift in Sources */ = {isa = PBXBuildFile; fileRef = 8F88E23E28A3FA5000501159 /* UsersService.swift */; };
		8F88E24128A3FE9500501159 /* TestView.swift in Sources */ = {isa = PBXBuildFile; fileRef = 8F88E24028A3FE9500501159 /* TestView.swift */; };
		8FBAE3E3287AFF46004BB91A /* ButtonRegister.swift in Sources */ = {isa = PBXBuildFile; fileRef = 8FBAE3E2287AFF46004BB91A /* ButtonRegister.swift */; };
		8FC8D5D1287536AA00EFB044 /* ViewModel.swift in Sources */ = {isa = PBXBuildFile; fileRef = 8FC8D5D0287536AA00EFB044 /* ViewModel.swift */; };
		8FC8D5D52875391C00EFB044 /* Authorisation.swift in Sources */ = {isa = PBXBuildFile; fileRef = 8FC8D5D42875391C00EFB044 /* Authorisation.swift */; };
		8FC8D5D72875394D00EFB044 /* User.swift in Sources */ = {isa = PBXBuildFile; fileRef = 8FC8D5D62875394D00EFB044 /* User.swift */; };
		8FC8D5DA28754B0E00EFB044 /* Ad.swift in Sources */ = {isa = PBXBuildFile; fileRef = 8FC8D5D928754B0E00EFB044 /* Ad.swift */; };
		8FC8D5DC28754C9700EFB044 /* Record.swift in Sources */ = {isa = PBXBuildFile; fileRef = 8FC8D5DB28754C9700EFB044 /* Record.swift */; };
/* End PBXBuildFile section */

/* Begin PBXContainerItemProxy section */
		8F66D2CC286E27170038EAF7 /* PBXContainerItemProxy */ = {
			isa = PBXContainerItemProxy;
			containerPortal = 8F66D2AE286E27140038EAF7 /* Project object */;
			proxyType = 1;
			remoteGlobalIDString = 8F66D2B5286E27140038EAF7;
			remoteInfo = BM;
		};
		8F66D2D6286E27170038EAF7 /* PBXContainerItemProxy */ = {
			isa = PBXContainerItemProxy;
			containerPortal = 8F66D2AE286E27140038EAF7 /* Project object */;
			proxyType = 1;
			remoteGlobalIDString = 8F66D2B5286E27140038EAF7;
			remoteInfo = BM;
		};
/* End PBXContainerItemProxy section */

/* Begin PBXFileReference section */
		8F16B84428D5EDB700D3F15C /* TabBarView.swift */ = {isa = PBXFileReference; lastKnownFileType = sourcecode.swift; path = TabBarView.swift; sourceTree = "<group>"; };
		8F16B84728D5F24A00D3F15C /* ViewRouter.swift */ = {isa = PBXFileReference; lastKnownFileType = sourcecode.swift; path = ViewRouter.swift; sourceTree = "<group>"; };
		8F2433D128D0E5DD00DDD3AA /* SearchScreenView.swift */ = {isa = PBXFileReference; lastKnownFileType = sourcecode.swift; path = SearchScreenView.swift; sourceTree = "<group>"; };
		8F2A4B2E287AE21B00DE14B8 /* TextFieldForRegistration.swift */ = {isa = PBXFileReference; lastKnownFileType = sourcecode.swift; path = TextFieldForRegistration.swift; sourceTree = "<group>"; };
		8F2A4B31287AE5EB00DE14B8 /* ColorExtensions.swift */ = {isa = PBXFileReference; lastKnownFileType = sourcecode.swift; path = ColorExtensions.swift; sourceTree = "<group>"; };
		8F2A4B33287AEBD600DE14B8 /* LineGradientExtensions.swift */ = {isa = PBXFileReference; lastKnownFileType = sourcecode.swift; path = LineGradientExtensions.swift; sourceTree = "<group>"; };
		8F2A4B36287AF21E00DE14B8 /* WarningTextModifier.swift */ = {isa = PBXFileReference; lastKnownFileType = sourcecode.swift; path = WarningTextModifier.swift; sourceTree = "<group>"; };
		8F2A4B38287AF24C00DE14B8 /* TextExtensions.swift */ = {isa = PBXFileReference; lastKnownFileType = sourcecode.swift; path = TextExtensions.swift; sourceTree = "<group>"; };
		8F41C1FD28D0DA04005CC204 /* DefaultDatas.swift */ = {isa = PBXFileReference; lastKnownFileType = sourcecode.swift; path = DefaultDatas.swift; sourceTree = "<group>"; };
		8F50F8F028B057DA003BF8E2 /* SmallAdsView.swift */ = {isa = PBXFileReference; lastKnownFileType = sourcecode.swift; path = SmallAdsView.swift; sourceTree = "<group>"; };
		8F64382D28A4381B00B858AD /* Info.plist */ = {isa = PBXFileReference; lastKnownFileType = text.plist; path = Info.plist; sourceTree = "<group>"; };
		8F64382F28A58B2E00B858AD /* RegistrationViewModel.swift */ = {isa = PBXFileReference; lastKnownFileType = sourcecode.swift; path = RegistrationViewModel.swift; sourceTree = "<group>"; };
		8F64383128A6D98100B858AD /* DateExtensions.swift */ = {isa = PBXFileReference; lastKnownFileType = sourcecode.swift; path = DateExtensions.swift; sourceTree = "<group>"; };
		8F64383328A6D9A600B858AD /* DateFormatterExtemsions.swift */ = {isa = PBXFileReference; lastKnownFileType = sourcecode.swift; path = DateFormatterExtemsions.swift; sourceTree = "<group>"; };
		8F66D2B6286E27140038EAF7 /* BM.app */ = {isa = PBXFileReference; explicitFileType = wrapper.application; includeInIndex = 0; path = BM.app; sourceTree = BUILT_PRODUCTS_DIR; };
		8F66D2B9286E27140038EAF7 /* BMApp.swift */ = {isa = PBXFileReference; lastKnownFileType = sourcecode.swift; path = BMApp.swift; sourceTree = "<group>"; };
		8F66D2BB286E27140038EAF7 /* ContentView.swift */ = {isa = PBXFileReference; lastKnownFileType = sourcecode.swift; path = ContentView.swift; sourceTree = "<group>"; };
		8F66D2BD286E27160038EAF7 /* Assets.xcassets */ = {isa = PBXFileReference; lastKnownFileType = folder.assetcatalog; path = Assets.xcassets; sourceTree = "<group>"; };
		8F66D2C0286E27160038EAF7 /* Preview Assets.xcassets */ = {isa = PBXFileReference; lastKnownFileType = folder.assetcatalog; path = "Preview Assets.xcassets"; sourceTree = "<group>"; };
		8F66D2C2286E27160038EAF7 /* Persistence.swift */ = {isa = PBXFileReference; lastKnownFileType = sourcecode.swift; path = Persistence.swift; sourceTree = "<group>"; };
		8F66D2C5286E27160038EAF7 /* BM.xcdatamodel */ = {isa = PBXFileReference; lastKnownFileType = wrapper.xcdatamodel; path = BM.xcdatamodel; sourceTree = "<group>"; };
		8F66D2CB286E27170038EAF7 /* BMTests.xctest */ = {isa = PBXFileReference; explicitFileType = wrapper.cfbundle; includeInIndex = 0; path = BMTests.xctest; sourceTree = BUILT_PRODUCTS_DIR; };
		8F66D2CF286E27170038EAF7 /* BMTests.swift */ = {isa = PBXFileReference; lastKnownFileType = sourcecode.swift; path = BMTests.swift; sourceTree = "<group>"; };
		8F66D2D5286E27170038EAF7 /* BMUITests.xctest */ = {isa = PBXFileReference; explicitFileType = wrapper.cfbundle; includeInIndex = 0; path = BMUITests.xctest; sourceTree = BUILT_PRODUCTS_DIR; };
		8F66D2D9286E27170038EAF7 /* BMUITests.swift */ = {isa = PBXFileReference; lastKnownFileType = sourcecode.swift; path = BMUITests.swift; sourceTree = "<group>"; };
		8F66D2DB286E27170038EAF7 /* BMUITestsLaunchTests.swift */ = {isa = PBXFileReference; lastKnownFileType = sourcecode.swift; path = BMUITestsLaunchTests.swift; sourceTree = "<group>"; };
		8F66D2E9286E28320038EAF7 /* RegistrationView.swift */ = {isa = PBXFileReference; lastKnownFileType = sourcecode.swift; path = RegistrationView.swift; sourceTree = "<group>"; };
		8F66D2EB286E2AB20038EAF7 /* LoadView.swift */ = {isa = PBXFileReference; lastKnownFileType = sourcecode.swift; path = LoadView.swift; sourceTree = "<group>"; };
		8F88E235289DCEFA00501159 /* Endpoint.swift */ = {isa = PBXFileReference; lastKnownFileType = sourcecode.swift; path = Endpoint.swift; sourceTree = "<group>"; };
		8F88E237289DDA3500501159 /* HTTPClient.swift */ = {isa = PBXFileReference; lastKnownFileType = sourcecode.swift; path = HTTPClient.swift; sourceTree = "<group>"; };
		8F88E23C28A3F7B600501159 /* UsersEnpoint.swift */ = {isa = PBXFileReference; lastKnownFileType = sourcecode.swift; path = UsersEnpoint.swift; sourceTree = "<group>"; };
		8F88E23E28A3FA5000501159 /* UsersService.swift */ = {isa = PBXFileReference; lastKnownFileType = sourcecode.swift; path = UsersService.swift; sourceTree = "<group>"; };
		8F88E24028A3FE9500501159 /* TestView.swift */ = {isa = PBXFileReference; lastKnownFileType = sourcecode.swift; path = TestView.swift; sourceTree = "<group>"; };
		8FBAE3E2287AFF46004BB91A /* ButtonRegister.swift */ = {isa = PBXFileReference; lastKnownFileType = sourcecode.swift; path = ButtonRegister.swift; sourceTree = "<group>"; };
		8FC8D5D0287536AA00EFB044 /* ViewModel.swift */ = {isa = PBXFileReference; lastKnownFileType = sourcecode.swift; path = ViewModel.swift; sourceTree = "<group>"; };
		8FC8D5D42875391C00EFB044 /* Authorisation.swift */ = {isa = PBXFileReference; lastKnownFileType = sourcecode.swift; path = Authorisation.swift; sourceTree = "<group>"; };
		8FC8D5D62875394D00EFB044 /* User.swift */ = {isa = PBXFileReference; lastKnownFileType = sourcecode.swift; path = User.swift; sourceTree = "<group>"; };
		8FC8D5D928754B0E00EFB044 /* Ad.swift */ = {isa = PBXFileReference; lastKnownFileType = sourcecode.swift; path = Ad.swift; sourceTree = "<group>"; };
		8FC8D5DB28754C9700EFB044 /* Record.swift */ = {isa = PBXFileReference; lastKnownFileType = sourcecode.swift; path = Record.swift; sourceTree = "<group>"; };
/* End PBXFileReference section */

/* Begin PBXFrameworksBuildPhase section */
		8F66D2B3286E27140038EAF7 /* Frameworks */ = {
			isa = PBXFrameworksBuildPhase;
			buildActionMask = 2147483647;
			files = (
			);
			runOnlyForDeploymentPostprocessing = 0;
		};
		8F66D2C8286E27170038EAF7 /* Frameworks */ = {
			isa = PBXFrameworksBuildPhase;
			buildActionMask = 2147483647;
			files = (
			);
			runOnlyForDeploymentPostprocessing = 0;
		};
		8F66D2D2286E27170038EAF7 /* Frameworks */ = {
			isa = PBXFrameworksBuildPhase;
			buildActionMask = 2147483647;
			files = (
			);
			runOnlyForDeploymentPostprocessing = 0;
		};
/* End PBXFrameworksBuildPhase section */

/* Begin PBXGroup section */
		8F16B84628D5F22500D3F15C /* ViewRouter */ = {
			isa = PBXGroup;
			children = (
				8F16B84728D5F24A00D3F15C /* ViewRouter.swift */,
			);
			path = ViewRouter;
			sourceTree = "<group>";
		};
		8F2433D028D0E5BC00DDD3AA /* SearchScreenViews */ = {
			isa = PBXGroup;
			children = (
				8F50F8F028B057DA003BF8E2 /* SmallAdsView.swift */,
				8F2433D128D0E5DD00DDD3AA /* SearchScreenView.swift */,
			);
			path = SearchScreenViews;
			sourceTree = "<group>";
		};
		8F2A4B2D287AE19200DE14B8 /* CustomView */ = {
			isa = PBXGroup;
			children = (
				8F2A4B36287AF21E00DE14B8 /* WarningTextModifier.swift */,
				8F2A4B2E287AE21B00DE14B8 /* TextFieldForRegistration.swift */,
				8FBAE3E2287AFF46004BB91A /* ButtonRegister.swift */,
			);
			path = CustomView;
			sourceTree = "<group>";
		};
		8F2A4B30287AE5CA00DE14B8 /* Extensions */ = {
			isa = PBXGroup;
			children = (
				8F64383128A6D98100B858AD /* DateExtensions.swift */,
				8F2A4B31287AE5EB00DE14B8 /* ColorExtensions.swift */,
				8F2A4B33287AEBD600DE14B8 /* LineGradientExtensions.swift */,
				8F2A4B38287AF24C00DE14B8 /* TextExtensions.swift */,
				8F64383328A6D9A600B858AD /* DateFormatterExtemsions.swift */,
			);
			path = Extensions;
			sourceTree = "<group>";
		};
		8F2A4B35287AF02900DE14B8 /* Views */ = {
			isa = PBXGroup;
			children = (
				8F2433D028D0E5BC00DDD3AA /* SearchScreenViews */,
				8F66D2BB286E27140038EAF7 /* ContentView.swift */,
				8F66D2E9286E28320038EAF7 /* RegistrationView.swift */,
				8F66D2EB286E2AB20038EAF7 /* LoadView.swift */,
				8F88E24028A3FE9500501159 /* TestView.swift */,
				8F16B84428D5EDB700D3F15C /* TabBarView.swift */,
			);
			path = Views;
			sourceTree = "<group>";
		};
		8F64382E28A58B1A00B858AD /* ViewModels */ = {
			isa = PBXGroup;
			children = (
				8F64382F28A58B2E00B858AD /* RegistrationViewModel.swift */,
			);
			path = ViewModels;
			sourceTree = "<group>";
		};
		8F66D2AD286E27140038EAF7 = {
			isa = PBXGroup;
			children = (
				8F66D2B8286E27140038EAF7 /* BM */,
				8F66D2CE286E27170038EAF7 /* BMTests */,
				8F66D2D8286E27170038EAF7 /* BMUITests */,
				8F66D2B7286E27140038EAF7 /* Products */,
			);
			sourceTree = "<group>";
		};
		8F66D2B7286E27140038EAF7 /* Products */ = {
			isa = PBXGroup;
			children = (
				8F66D2B6286E27140038EAF7 /* BM.app */,
				8F66D2CB286E27170038EAF7 /* BMTests.xctest */,
				8F66D2D5286E27170038EAF7 /* BMUITests.xctest */,
			);
			name = Products;
			sourceTree = "<group>";
		};
		8F66D2B8286E27140038EAF7 /* BM */ = {
			isa = PBXGroup;
			children = (
				8F64382D28A4381B00B858AD /* Info.plist */,
				8F66D2B9286E27140038EAF7 /* BMApp.swift */,
				8F88E23928A3F75000501159 /* Network */,
				8FC8D5D82875396100EFB044 /* Model */,
				8FC8D5D22875373500EFB044 /* ViewModel */,
				8F2A4B30287AE5CA00DE14B8 /* Extensions */,
				8F2A4B2D287AE19200DE14B8 /* CustomView */,
				8F16B84628D5F22500D3F15C /* ViewRouter */,
				8F2A4B35287AF02900DE14B8 /* Views */,
				8F64382E28A58B1A00B858AD /* ViewModels */,
				8F66D2BD286E27160038EAF7 /* Assets.xcassets */,
				8F66D2E8286E27EC0038EAF7 /* PersistenceModel */,
				8F66D2BF286E27160038EAF7 /* Preview Content */,
			);
			path = BM;
			sourceTree = "<group>";
		};
		8F66D2BF286E27160038EAF7 /* Preview Content */ = {
			isa = PBXGroup;
			children = (
				8F66D2C0286E27160038EAF7 /* Preview Assets.xcassets */,
			);
			path = "Preview Content";
			sourceTree = "<group>";
		};
		8F66D2CE286E27170038EAF7 /* BMTests */ = {
			isa = PBXGroup;
			children = (
				8F66D2CF286E27170038EAF7 /* BMTests.swift */,
			);
			path = BMTests;
			sourceTree = "<group>";
		};
		8F66D2D8286E27170038EAF7 /* BMUITests */ = {
			isa = PBXGroup;
			children = (
				8F66D2D9286E27170038EAF7 /* BMUITests.swift */,
				8F66D2DB286E27170038EAF7 /* BMUITestsLaunchTests.swift */,
			);
			path = BMUITests;
			sourceTree = "<group>";
		};
		8F66D2E8286E27EC0038EAF7 /* PersistenceModel */ = {
			isa = PBXGroup;
			children = (
				8F66D2C2286E27160038EAF7 /* Persistence.swift */,
				8F66D2C4286E27160038EAF7 /* BM.xcdatamodeld */,
			);
			path = PersistenceModel;
			sourceTree = "<group>";
		};
		8F88E234289DCEE300501159 /* Base */ = {
			isa = PBXGroup;
			children = (
				8F88E235289DCEFA00501159 /* Endpoint.swift */,
				8F88E237289DDA3500501159 /* HTTPClient.swift */,
				8FC8D5D3287538FC00EFB044 /* Services */,
			);
			path = Base;
			sourceTree = "<group>";
		};
		8F88E23928A3F75000501159 /* Network */ = {
			isa = PBXGroup;
			children = (
				8F88E23B28A3F79B00501159 /* Endpoint */,
				8F88E234289DCEE300501159 /* Base */,
			);
			path = Network;
			sourceTree = "<group>";
		};
		8F88E23B28A3F79B00501159 /* Endpoint */ = {
			isa = PBXGroup;
			children = (
				8F88E23C28A3F7B600501159 /* UsersEnpoint.swift */,
			);
			path = Endpoint;
			sourceTree = "<group>";
		};
		8FC8D5D22875373500EFB044 /* ViewModel */ = {
			isa = PBXGroup;
			children = (
				8FC8D5D0287536AA00EFB044 /* ViewModel.swift */,
			);
			path = ViewModel;
			sourceTree = "<group>";
		};
		8FC8D5D3287538FC00EFB044 /* Services */ = {
			isa = PBXGroup;
			children = (
				8FC8D5D42875391C00EFB044 /* Authorisation.swift */,
				8F88E23E28A3FA5000501159 /* UsersService.swift */,
			);
			path = Services;
			sourceTree = "<group>";
		};
		8FC8D5D82875396100EFB044 /* Model */ = {
			isa = PBXGroup;
			children = (
				8FC8D5D62875394D00EFB044 /* User.swift */,
				8FC8D5D928754B0E00EFB044 /* Ad.swift */,
				8FC8D5DB28754C9700EFB044 /* Record.swift */,
				8F41C1FD28D0DA04005CC204 /* DefaultDatas.swift */,
			);
			path = Model;
			sourceTree = "<group>";
		};
/* End PBXGroup section */

/* Begin PBXNativeTarget section */
		8F66D2B5286E27140038EAF7 /* BM */ = {
			isa = PBXNativeTarget;
			buildConfigurationList = 8F66D2DF286E27170038EAF7 /* Build configuration list for PBXNativeTarget "BM" */;
			buildPhases = (
				8F66D2B2286E27140038EAF7 /* Sources */,
				8F66D2B3286E27140038EAF7 /* Frameworks */,
				8F66D2B4286E27140038EAF7 /* Resources */,
			);
			buildRules = (
			);
			dependencies = (
			);
			name = BM;
			productName = BM;
			productReference = 8F66D2B6286E27140038EAF7 /* BM.app */;
			productType = "com.apple.product-type.application";
		};
		8F66D2CA286E27170038EAF7 /* BMTests */ = {
			isa = PBXNativeTarget;
			buildConfigurationList = 8F66D2E2286E27170038EAF7 /* Build configuration list for PBXNativeTarget "BMTests" */;
			buildPhases = (
				8F66D2C7286E27170038EAF7 /* Sources */,
				8F66D2C8286E27170038EAF7 /* Frameworks */,
				8F66D2C9286E27170038EAF7 /* Resources */,
			);
			buildRules = (
			);
			dependencies = (
				8F66D2CD286E27170038EAF7 /* PBXTargetDependency */,
			);
			name = BMTests;
			productName = BMTests;
			productReference = 8F66D2CB286E27170038EAF7 /* BMTests.xctest */;
			productType = "com.apple.product-type.bundle.unit-test";
		};
		8F66D2D4286E27170038EAF7 /* BMUITests */ = {
			isa = PBXNativeTarget;
			buildConfigurationList = 8F66D2E5286E27170038EAF7 /* Build configuration list for PBXNativeTarget "BMUITests" */;
			buildPhases = (
				8F66D2D1286E27170038EAF7 /* Sources */,
				8F66D2D2286E27170038EAF7 /* Frameworks */,
				8F66D2D3286E27170038EAF7 /* Resources */,
			);
			buildRules = (
			);
			dependencies = (
				8F66D2D7286E27170038EAF7 /* PBXTargetDependency */,
			);
			name = BMUITests;
			productName = BMUITests;
			productReference = 8F66D2D5286E27170038EAF7 /* BMUITests.xctest */;
			productType = "com.apple.product-type.bundle.ui-testing";
		};
/* End PBXNativeTarget section */

/* Begin PBXProject section */
		8F66D2AE286E27140038EAF7 /* Project object */ = {
			isa = PBXProject;
			attributes = {
				BuildIndependentTargetsInParallel = 1;
				LastSwiftUpdateCheck = 1340;
				LastUpgradeCheck = 1340;
				TargetAttributes = {
					8F66D2B5286E27140038EAF7 = {
						CreatedOnToolsVersion = 13.4.1;
					};
					8F66D2CA286E27170038EAF7 = {
						CreatedOnToolsVersion = 13.4.1;
						TestTargetID = 8F66D2B5286E27140038EAF7;
					};
					8F66D2D4286E27170038EAF7 = {
						CreatedOnToolsVersion = 13.4.1;
						TestTargetID = 8F66D2B5286E27140038EAF7;
					};
				};
			};
			buildConfigurationList = 8F66D2B1286E27140038EAF7 /* Build configuration list for PBXProject "BM" */;
			compatibilityVersion = "Xcode 13.0";
			developmentRegion = en;
			hasScannedForEncodings = 0;
			knownRegions = (
				en,
				Base,
			);
			mainGroup = 8F66D2AD286E27140038EAF7;
			productRefGroup = 8F66D2B7286E27140038EAF7 /* Products */;
			projectDirPath = "";
			projectRoot = "";
			targets = (
				8F66D2B5286E27140038EAF7 /* BM */,
				8F66D2CA286E27170038EAF7 /* BMTests */,
				8F66D2D4286E27170038EAF7 /* BMUITests */,
			);
		};
/* End PBXProject section */

/* Begin PBXResourcesBuildPhase section */
		8F66D2B4286E27140038EAF7 /* Resources */ = {
			isa = PBXResourcesBuildPhase;
			buildActionMask = 2147483647;
			files = (
				8F66D2C1286E27160038EAF7 /* Preview Assets.xcassets in Resources */,
				8F66D2BE286E27160038EAF7 /* Assets.xcassets in Resources */,
			);
			runOnlyForDeploymentPostprocessing = 0;
		};
		8F66D2C9286E27170038EAF7 /* Resources */ = {
			isa = PBXResourcesBuildPhase;
			buildActionMask = 2147483647;
			files = (
			);
			runOnlyForDeploymentPostprocessing = 0;
		};
		8F66D2D3286E27170038EAF7 /* Resources */ = {
			isa = PBXResourcesBuildPhase;
			buildActionMask = 2147483647;
			files = (
			);
			runOnlyForDeploymentPostprocessing = 0;
		};
/* End PBXResourcesBuildPhase section */

/* Begin PBXSourcesBuildPhase section */
		8F66D2B2286E27140038EAF7 /* Sources */ = {
			isa = PBXSourcesBuildPhase;
			buildActionMask = 2147483647;
			files = (
				8F2A4B37287AF21E00DE14B8 /* WarningTextModifier.swift in Sources */,
				8FC8D5D52875391C00EFB044 /* Authorisation.swift in Sources */,
				8F88E24128A3FE9500501159 /* TestView.swift in Sources */,
				8F2A4B32287AE5EB00DE14B8 /* ColorExtensions.swift in Sources */,
				8F16B84528D5EDB700D3F15C /* TabBarView.swift in Sources */,
				8F66D2EC286E2AB20038EAF7 /* LoadView.swift in Sources */,
				8F64383428A6D9A600B858AD /* DateFormatterExtemsions.swift in Sources */,
				8F64383228A6D98100B858AD /* DateExtensions.swift in Sources */,
				8F2A4B39287AF24C00DE14B8 /* TextExtensions.swift in Sources */,
				8F66D2C3286E27160038EAF7 /* Persistence.swift in Sources */,
				8F66D2BC286E27140038EAF7 /* ContentView.swift in Sources */,
				8F2A4B2F287AE21B00DE14B8 /* TextFieldForRegistration.swift in Sources */,
				8F88E23D28A3F7B600501159 /* UsersEnpoint.swift in Sources */,
				8F66D2EA286E28320038EAF7 /* RegistrationView.swift in Sources */,
				8F88E23F28A3FA5000501159 /* UsersService.swift in Sources */,
				8F16B84828D5F24A00D3F15C /* ViewRouter.swift in Sources */,
				8F2A4B34287AEBD600DE14B8 /* LineGradientExtensions.swift in Sources */,
				8F64383028A58B2E00B858AD /* RegistrationViewModel.swift in Sources */,
				8FC8D5DA28754B0E00EFB044 /* Ad.swift in Sources */,
				8FC8D5DC28754C9700EFB044 /* Record.swift in Sources */,
				8F88E236289DCEFA00501159 /* Endpoint.swift in Sources */,
				8FC8D5D72875394D00EFB044 /* User.swift in Sources */,
				8F66D2C6286E27160038EAF7 /* BM.xcdatamodeld in Sources */,
				8FBAE3E3287AFF46004BB91A /* ButtonRegister.swift in Sources */,
				8F66D2BA286E27140038EAF7 /* BMApp.swift in Sources */,
				8F50F8F128B057DA003BF8E2 /* SmallAdsView.swift in Sources */,
				8F41C1FE28D0DA04005CC204 /* DefaultDatas.swift in Sources */,
				8F88E238289DDA3500501159 /* HTTPClient.swift in Sources */,
				8F2433D228D0E5DD00DDD3AA /* SearchScreenView.swift in Sources */,
				8FC8D5D1287536AA00EFB044 /* ViewModel.swift in Sources */,
			);
			runOnlyForDeploymentPostprocessing = 0;
		};
		8F66D2C7286E27170038EAF7 /* Sources */ = {
			isa = PBXSourcesBuildPhase;
			buildActionMask = 2147483647;
			files = (
				8F66D2D0286E27170038EAF7 /* BMTests.swift in Sources */,
			);
			runOnlyForDeploymentPostprocessing = 0;
		};
		8F66D2D1286E27170038EAF7 /* Sources */ = {
			isa = PBXSourcesBuildPhase;
			buildActionMask = 2147483647;
			files = (
				8F66D2DA286E27170038EAF7 /* BMUITests.swift in Sources */,
				8F66D2DC286E27170038EAF7 /* BMUITestsLaunchTests.swift in Sources */,
			);
			runOnlyForDeploymentPostprocessing = 0;
		};
/* End PBXSourcesBuildPhase section */

/* Begin PBXTargetDependency section */
		8F66D2CD286E27170038EAF7 /* PBXTargetDependency */ = {
			isa = PBXTargetDependency;
			target = 8F66D2B5286E27140038EAF7 /* BM */;
			targetProxy = 8F66D2CC286E27170038EAF7 /* PBXContainerItemProxy */;
		};
		8F66D2D7286E27170038EAF7 /* PBXTargetDependency */ = {
			isa = PBXTargetDependency;
			target = 8F66D2B5286E27140038EAF7 /* BM */;
			targetProxy = 8F66D2D6286E27170038EAF7 /* PBXContainerItemProxy */;
		};
/* End PBXTargetDependency section */

/* Begin XCBuildConfiguration section */
		8F66D2DD286E27170038EAF7 /* Debug */ = {
			isa = XCBuildConfiguration;
			buildSettings = {
				ALWAYS_SEARCH_USER_PATHS = NO;
				CLANG_ANALYZER_NONNULL = YES;
				CLANG_ANALYZER_NUMBER_OBJECT_CONVERSION = YES_AGGRESSIVE;
				CLANG_CXX_LANGUAGE_STANDARD = "gnu++17";
				CLANG_ENABLE_MODULES = YES;
				CLANG_ENABLE_OBJC_ARC = YES;
				CLANG_ENABLE_OBJC_WEAK = YES;
				CLANG_WARN_BLOCK_CAPTURE_AUTORELEASING = YES;
				CLANG_WARN_BOOL_CONVERSION = YES;
				CLANG_WARN_COMMA = YES;
				CLANG_WARN_CONSTANT_CONVERSION = YES;
				CLANG_WARN_DEPRECATED_OBJC_IMPLEMENTATIONS = YES;
				CLANG_WARN_DIRECT_OBJC_ISA_USAGE = YES_ERROR;
				CLANG_WARN_DOCUMENTATION_COMMENTS = YES;
				CLANG_WARN_EMPTY_BODY = YES;
				CLANG_WARN_ENUM_CONVERSION = YES;
				CLANG_WARN_INFINITE_RECURSION = YES;
				CLANG_WARN_INT_CONVERSION = YES;
				CLANG_WARN_NON_LITERAL_NULL_CONVERSION = YES;
				CLANG_WARN_OBJC_IMPLICIT_RETAIN_SELF = YES;
				CLANG_WARN_OBJC_LITERAL_CONVERSION = YES;
				CLANG_WARN_OBJC_ROOT_CLASS = YES_ERROR;
				CLANG_WARN_QUOTED_INCLUDE_IN_FRAMEWORK_HEADER = YES;
				CLANG_WARN_RANGE_LOOP_ANALYSIS = YES;
				CLANG_WARN_STRICT_PROTOTYPES = YES;
				CLANG_WARN_SUSPICIOUS_MOVE = YES;
				CLANG_WARN_UNGUARDED_AVAILABILITY = YES_AGGRESSIVE;
				CLANG_WARN_UNREACHABLE_CODE = YES;
				CLANG_WARN__DUPLICATE_METHOD_MATCH = YES;
				COPY_PHASE_STRIP = NO;
				DEBUG_INFORMATION_FORMAT = dwarf;
				ENABLE_STRICT_OBJC_MSGSEND = YES;
				ENABLE_TESTABILITY = YES;
				GCC_C_LANGUAGE_STANDARD = gnu11;
				GCC_DYNAMIC_NO_PIC = NO;
				GCC_NO_COMMON_BLOCKS = YES;
				GCC_OPTIMIZATION_LEVEL = 0;
				GCC_PREPROCESSOR_DEFINITIONS = (
					"DEBUG=1",
					"$(inherited)",
				);
				GCC_WARN_64_TO_32_BIT_CONVERSION = YES;
				GCC_WARN_ABOUT_RETURN_TYPE = YES_ERROR;
				GCC_WARN_UNDECLARED_SELECTOR = YES;
				GCC_WARN_UNINITIALIZED_AUTOS = YES_AGGRESSIVE;
				GCC_WARN_UNUSED_FUNCTION = YES;
				GCC_WARN_UNUSED_VARIABLE = YES;
				IPHONEOS_DEPLOYMENT_TARGET = 15.5;
				MTL_ENABLE_DEBUG_INFO = INCLUDE_SOURCE;
				MTL_FAST_MATH = YES;
				ONLY_ACTIVE_ARCH = YES;
				SDKROOT = iphoneos;
				SWIFT_ACTIVE_COMPILATION_CONDITIONS = DEBUG;
				SWIFT_OPTIMIZATION_LEVEL = "-Onone";
			};
			name = Debug;
		};
		8F66D2DE286E27170038EAF7 /* Release */ = {
			isa = XCBuildConfiguration;
			buildSettings = {
				ALWAYS_SEARCH_USER_PATHS = NO;
				CLANG_ANALYZER_NONNULL = YES;
				CLANG_ANALYZER_NUMBER_OBJECT_CONVERSION = YES_AGGRESSIVE;
				CLANG_CXX_LANGUAGE_STANDARD = "gnu++17";
				CLANG_ENABLE_MODULES = YES;
				CLANG_ENABLE_OBJC_ARC = YES;
				CLANG_ENABLE_OBJC_WEAK = YES;
				CLANG_WARN_BLOCK_CAPTURE_AUTORELEASING = YES;
				CLANG_WARN_BOOL_CONVERSION = YES;
				CLANG_WARN_COMMA = YES;
				CLANG_WARN_CONSTANT_CONVERSION = YES;
				CLANG_WARN_DEPRECATED_OBJC_IMPLEMENTATIONS = YES;
				CLANG_WARN_DIRECT_OBJC_ISA_USAGE = YES_ERROR;
				CLANG_WARN_DOCUMENTATION_COMMENTS = YES;
				CLANG_WARN_EMPTY_BODY = YES;
				CLANG_WARN_ENUM_CONVERSION = YES;
				CLANG_WARN_INFINITE_RECURSION = YES;
				CLANG_WARN_INT_CONVERSION = YES;
				CLANG_WARN_NON_LITERAL_NULL_CONVERSION = YES;
				CLANG_WARN_OBJC_IMPLICIT_RETAIN_SELF = YES;
				CLANG_WARN_OBJC_LITERAL_CONVERSION = YES;
				CLANG_WARN_OBJC_ROOT_CLASS = YES_ERROR;
				CLANG_WARN_QUOTED_INCLUDE_IN_FRAMEWORK_HEADER = YES;
				CLANG_WARN_RANGE_LOOP_ANALYSIS = YES;
				CLANG_WARN_STRICT_PROTOTYPES = YES;
				CLANG_WARN_SUSPICIOUS_MOVE = YES;
				CLANG_WARN_UNGUARDED_AVAILABILITY = YES_AGGRESSIVE;
				CLANG_WARN_UNREACHABLE_CODE = YES;
				CLANG_WARN__DUPLICATE_METHOD_MATCH = YES;
				COPY_PHASE_STRIP = NO;
				DEBUG_INFORMATION_FORMAT = "dwarf-with-dsym";
				ENABLE_NS_ASSERTIONS = NO;
				ENABLE_STRICT_OBJC_MSGSEND = YES;
				GCC_C_LANGUAGE_STANDARD = gnu11;
				GCC_NO_COMMON_BLOCKS = YES;
				GCC_WARN_64_TO_32_BIT_CONVERSION = YES;
				GCC_WARN_ABOUT_RETURN_TYPE = YES_ERROR;
				GCC_WARN_UNDECLARED_SELECTOR = YES;
				GCC_WARN_UNINITIALIZED_AUTOS = YES_AGGRESSIVE;
				GCC_WARN_UNUSED_FUNCTION = YES;
				GCC_WARN_UNUSED_VARIABLE = YES;
				IPHONEOS_DEPLOYMENT_TARGET = 15.5;
				MTL_ENABLE_DEBUG_INFO = NO;
				MTL_FAST_MATH = YES;
				SDKROOT = iphoneos;
				SWIFT_COMPILATION_MODE = wholemodule;
				SWIFT_OPTIMIZATION_LEVEL = "-O";
				VALIDATE_PRODUCT = YES;
			};
			name = Release;
		};
		8F66D2E0286E27170038EAF7 /* Debug */ = {
			isa = XCBuildConfiguration;
			buildSettings = {
				ASSETCATALOG_COMPILER_APPICON_NAME = AppIcon;
				ASSETCATALOG_COMPILER_GLOBAL_ACCENT_COLOR_NAME = AccentColor;
				CODE_SIGN_STYLE = Automatic;
				CURRENT_PROJECT_VERSION = 1;
				DEVELOPMENT_ASSET_PATHS = "\"BM/Preview Content\"";
				DEVELOPMENT_TEAM = Y78WFZ9LBQ;
				ENABLE_PREVIEWS = YES;
				GENERATE_INFOPLIST_FILE = YES;
				INFOPLIST_FILE = BM/Info.plist;
				INFOPLIST_KEY_UIApplicationSceneManifest_Generation = YES;
				INFOPLIST_KEY_UIApplicationSupportsIndirectInputEvents = YES;
				INFOPLIST_KEY_UILaunchScreen_Generation = YES;
				INFOPLIST_KEY_UISupportedInterfaceOrientations_iPad = "UIInterfaceOrientationPortrait UIInterfaceOrientationPortraitUpsideDown UIInterfaceOrientationLandscapeLeft UIInterfaceOrientationLandscapeRight";
				INFOPLIST_KEY_UISupportedInterfaceOrientations_iPhone = "UIInterfaceOrientationPortrait UIInterfaceOrientationLandscapeLeft UIInterfaceOrientationLandscapeRight";
				LD_RUNPATH_SEARCH_PATHS = (
					"$(inherited)",
					"@executable_path/Frameworks",
				);
				MARKETING_VERSION = 1.0;
				PRODUCT_BUNDLE_IDENTIFIER = nikitas.BM;
				PRODUCT_NAME = "$(TARGET_NAME)";
				SWIFT_EMIT_LOC_STRINGS = YES;
				SWIFT_VERSION = 5.0;
				TARGETED_DEVICE_FAMILY = "1,2";
			};
			name = Debug;
		};
		8F66D2E1286E27170038EAF7 /* Release */ = {
			isa = XCBuildConfiguration;
			buildSettings = {
				ASSETCATALOG_COMPILER_APPICON_NAME = AppIcon;
				ASSETCATALOG_COMPILER_GLOBAL_ACCENT_COLOR_NAME = AccentColor;
				CODE_SIGN_STYLE = Automatic;
				CURRENT_PROJECT_VERSION = 1;
				DEVELOPMENT_ASSET_PATHS = "\"BM/Preview Content\"";
				DEVELOPMENT_TEAM = Y78WFZ9LBQ;
				ENABLE_PREVIEWS = YES;
				GENERATE_INFOPLIST_FILE = YES;
				INFOPLIST_FILE = BM/Info.plist;
				INFOPLIST_KEY_UIApplicationSceneManifest_Generation = YES;
				INFOPLIST_KEY_UIApplicationSupportsIndirectInputEvents = YES;
				INFOPLIST_KEY_UILaunchScreen_Generation = YES;
				INFOPLIST_KEY_UISupportedInterfaceOrientations_iPad = "UIInterfaceOrientationPortrait UIInterfaceOrientationPortraitUpsideDown UIInterfaceOrientationLandscapeLeft UIInterfaceOrientationLandscapeRight";
				INFOPLIST_KEY_UISupportedInterfaceOrientations_iPhone = "UIInterfaceOrientationPortrait UIInterfaceOrientationLandscapeLeft UIInterfaceOrientationLandscapeRight";
				LD_RUNPATH_SEARCH_PATHS = (
					"$(inherited)",
					"@executable_path/Frameworks",
				);
				MARKETING_VERSION = 1.0;
				PRODUCT_BUNDLE_IDENTIFIER = nikitas.BM;
				PRODUCT_NAME = "$(TARGET_NAME)";
				SWIFT_EMIT_LOC_STRINGS = YES;
				SWIFT_VERSION = 5.0;
				TARGETED_DEVICE_FAMILY = "1,2";
			};
			name = Release;
		};
		8F66D2E3286E27170038EAF7 /* Debug */ = {
			isa = XCBuildConfiguration;
			buildSettings = {
				ALWAYS_EMBED_SWIFT_STANDARD_LIBRARIES = YES;
				BUNDLE_LOADER = "$(TEST_HOST)";
				CODE_SIGN_STYLE = Automatic;
				CURRENT_PROJECT_VERSION = 1;
				DEVELOPMENT_TEAM = Y78WFZ9LBQ;
				GENERATE_INFOPLIST_FILE = YES;
				IPHONEOS_DEPLOYMENT_TARGET = 15.5;
				MARKETING_VERSION = 1.0;
				PRODUCT_BUNDLE_IDENTIFIER = redline.BMTests;
				PRODUCT_NAME = "$(TARGET_NAME)";
				SWIFT_EMIT_LOC_STRINGS = NO;
				SWIFT_VERSION = 5.0;
				TARGETED_DEVICE_FAMILY = "1,2";
				TEST_HOST = "$(BUILT_PRODUCTS_DIR)/BM.app/BM";
			};
			name = Debug;
		};
		8F66D2E4286E27170038EAF7 /* Release */ = {
			isa = XCBuildConfiguration;
			buildSettings = {
				ALWAYS_EMBED_SWIFT_STANDARD_LIBRARIES = YES;
				BUNDLE_LOADER = "$(TEST_HOST)";
				CODE_SIGN_STYLE = Automatic;
				CURRENT_PROJECT_VERSION = 1;
				DEVELOPMENT_TEAM = Y78WFZ9LBQ;
				GENERATE_INFOPLIST_FILE = YES;
				IPHONEOS_DEPLOYMENT_TARGET = 15.5;
				MARKETING_VERSION = 1.0;
				PRODUCT_BUNDLE_IDENTIFIER = redline.BMTests;
				PRODUCT_NAME = "$(TARGET_NAME)";
				SWIFT_EMIT_LOC_STRINGS = NO;
				SWIFT_VERSION = 5.0;
				TARGETED_DEVICE_FAMILY = "1,2";
				TEST_HOST = "$(BUILT_PRODUCTS_DIR)/BM.app/BM";
			};
			name = Release;
		};
		8F66D2E6286E27170038EAF7 /* Debug */ = {
			isa = XCBuildConfiguration;
			buildSettings = {
				ALWAYS_EMBED_SWIFT_STANDARD_LIBRARIES = YES;
				CODE_SIGN_STYLE = Automatic;
				CURRENT_PROJECT_VERSION = 1;
				DEVELOPMENT_TEAM = Y78WFZ9LBQ;
				GENERATE_INFOPLIST_FILE = YES;
				MARKETING_VERSION = 1.0;
				PRODUCT_BUNDLE_IDENTIFIER = redline.BMUITests;
				PRODUCT_NAME = "$(TARGET_NAME)";
				SWIFT_EMIT_LOC_STRINGS = NO;
				SWIFT_VERSION = 5.0;
				TARGETED_DEVICE_FAMILY = "1,2";
				TEST_TARGET_NAME = BM;
			};
			name = Debug;
		};
		8F66D2E7286E27170038EAF7 /* Release */ = {
			isa = XCBuildConfiguration;
			buildSettings = {
				ALWAYS_EMBED_SWIFT_STANDARD_LIBRARIES = YES;
				CODE_SIGN_STYLE = Automatic;
				CURRENT_PROJECT_VERSION = 1;
				DEVELOPMENT_TEAM = Y78WFZ9LBQ;
				GENERATE_INFOPLIST_FILE = YES;
				MARKETING_VERSION = 1.0;
				PRODUCT_BUNDLE_IDENTIFIER = redline.BMUITests;
				PRODUCT_NAME = "$(TARGET_NAME)";
				SWIFT_EMIT_LOC_STRINGS = NO;
				SWIFT_VERSION = 5.0;
				TARGETED_DEVICE_FAMILY = "1,2";
				TEST_TARGET_NAME = BM;
			};
			name = Release;
		};
/* End XCBuildConfiguration section */

/* Begin XCConfigurationList section */
		8F66D2B1286E27140038EAF7 /* Build configuration list for PBXProject "BM" */ = {
			isa = XCConfigurationList;
			buildConfigurations = (
				8F66D2DD286E27170038EAF7 /* Debug */,
				8F66D2DE286E27170038EAF7 /* Release */,
			);
			defaultConfigurationIsVisible = 0;
			defaultConfigurationName = Release;
		};
		8F66D2DF286E27170038EAF7 /* Build configuration list for PBXNativeTarget "BM" */ = {
			isa = XCConfigurationList;
			buildConfigurations = (
				8F66D2E0286E27170038EAF7 /* Debug */,
				8F66D2E1286E27170038EAF7 /* Release */,
			);
			defaultConfigurationIsVisible = 0;
			defaultConfigurationName = Release;
		};
		8F66D2E2286E27170038EAF7 /* Build configuration list for PBXNativeTarget "BMTests" */ = {
			isa = XCConfigurationList;
			buildConfigurations = (
				8F66D2E3286E27170038EAF7 /* Debug */,
				8F66D2E4286E27170038EAF7 /* Release */,
			);
			defaultConfigurationIsVisible = 0;
			defaultConfigurationName = Release;
		};
		8F66D2E5286E27170038EAF7 /* Build configuration list for PBXNativeTarget "BMUITests" */ = {
			isa = XCConfigurationList;
			buildConfigurations = (
				8F66D2E6286E27170038EAF7 /* Debug */,
				8F66D2E7286E27170038EAF7 /* Release */,
			);
			defaultConfigurationIsVisible = 0;
			defaultConfigurationName = Release;
		};
/* End XCConfigurationList section */

/* Begin XCVersionGroup section */
		8F66D2C4286E27160038EAF7 /* BM.xcdatamodeld */ = {
			isa = XCVersionGroup;
			children = (
				8F66D2C5286E27160038EAF7 /* BM.xcdatamodel */,
			);
			currentVersion = 8F66D2C5286E27160038EAF7 /* BM.xcdatamodel */;
			path = BM.xcdatamodeld;
			sourceTree = "<group>";
			versionGroupType = wrapper.xcdatamodel;
		};
/* End XCVersionGroup section */
	};
	rootObject = 8F66D2AE286E27140038EAF7 /* Project object */;
}
